
Microsoft Visual Studio Solution File, Format Version 12.00
# Visual Studio Version 16
VisualStudioVersion = 16.0.30320.27
MinimumVisualStudioVersion = 10.0.40219.1
Project("{FAE04EC0-301F-11D3-BF4B-00C04F79EFBC}") = "Mobile.UWP", "Mobile.UWP\Mobile.UWP.csproj", "{BC446819-2913-431A-902C-002DC5A27181}"
EndProject
Project("{FAE04EC0-301F-11D3-BF4B-00C04F79EFBC}") = "Mobile.Android", "Mobile.Android\Mobile.Android.csproj", "{8EFE655F-D93D-41AB-9D1D-1D1639D2C03B}"
EndProject
Project("{FAE04EC0-301F-11D3-BF4B-00C04F79EFBC}") = "Mobile.iOS", "Mobile.iOS\Mobile.iOS.csproj", "{ED716BF7-BFE3-4D36-9459-992357982ED0}"
EndProject
Project("{9A19103F-16F7-4668-BE54-9A1E7A4F7556}") = "Mobile", "Mobile\Mobile.csproj", "{8EB1C20F-30F1-4A29-B1DE-3C4ED00FB332}"
EndProject
Project("{2150E333-8FDC-42A3-9474-1A3956D46DE8}") = "Targets", "Targets", "{1DDDEB99-06DF-44B9-B9C2-D48A59683982}"
EndProject
Project("{9A19103F-16F7-4668-BE54-9A1E7A4F7556}") = "Mobile.ViewModels", "Mobile.ViewModels\Mobile.ViewModels.csproj", "{DFC7E0BA-133D-4D75-9EE1-7FD8AF3BD145}"
EndProject
Project("{9A19103F-16F7-4668-BE54-9A1E7A4F7556}") = "Mobile.Core", "Mobile.Core\Mobile.Core.csproj", "{83371B42-56C9-48D5-BE24-228D91C6D5FF}"
EndProject
Project("{9A19103F-16F7-4668-BE54-9A1E7A4F7556}") = "Mobile.ViewModels.UnitTests", "Mobile.ViewModels.UnitTests\Mobile.ViewModels.UnitTests.csproj", "{E2E1ED87-85EC-4B1C-8B00-64363F2A2E54}"
EndProject
Project("{FAE04EC0-301F-11D3-BF4B-00C04F79EFBC}") = "Mobile.Core.UnitTests", "Mobile.Core.UnitTests\Mobile.Core.UnitTests.csproj", "{797985E3-5B91-46BA-AF99-735338AF1431}"
EndProject
Global
	GlobalSection(SolutionConfigurationPlatforms) = preSolution
		Debug|Any CPU = Debug|Any CPU
		Debug|ARM = Debug|ARM
		Debug|iPhone = Debug|iPhone
		Debug|iPhoneSimulator = Debug|iPhoneSimulator
		Debug|x64 = Debug|x64
		Debug|x86 = Debug|x86
		Release|Any CPU = Release|Any CPU
		Release|ARM = Release|ARM
		Release|iPhone = Release|iPhone
		Release|iPhoneSimulator = Release|iPhoneSimulator
		Release|x64 = Release|x64
		Release|x86 = Release|x86
	EndGlobalSection
	GlobalSection(ProjectConfigurationPlatforms) = postSolution
		{BC446819-2913-431A-902C-002DC5A27181}.Debug|Any CPU.ActiveCfg = Debug|x86
		{BC446819-2913-431A-902C-002DC5A27181}.Debug|Any CPU.Build.0 = Debug|x86
		{BC446819-2913-431A-902C-002DC5A27181}.Debug|Any CPU.Deploy.0 = Debug|x86
		{BC446819-2913-431A-902C-002DC5A27181}.Debug|ARM.ActiveCfg = Debug|ARM
		{BC446819-2913-431A-902C-002DC5A27181}.Debug|ARM.Build.0 = Debug|ARM
		{BC446819-2913-431A-902C-002DC5A27181}.Debug|ARM.Deploy.0 = Debug|ARM
		{BC446819-2913-431A-902C-002DC5A27181}.Debug|iPhone.ActiveCfg = Debug|x86
		{BC446819-2913-431A-902C-002DC5A27181}.Debug|iPhone.Build.0 = Debug|x86
		{BC446819-2913-431A-902C-002DC5A27181}.Debug|iPhone.Deploy.0 = Debug|x86
		{BC446819-2913-431A-902C-002DC5A27181}.Debug|iPhoneSimulator.ActiveCfg = Debug|x86
		{BC446819-2913-431A-902C-002DC5A27181}.Debug|iPhoneSimulator.Build.0 = Debug|x86
		{BC446819-2913-431A-902C-002DC5A27181}.Debug|iPhoneSimulator.Deploy.0 = Debug|x86
		{BC446819-2913-431A-902C-002DC5A27181}.Debug|x64.ActiveCfg = Debug|x64
		{BC446819-2913-431A-902C-002DC5A27181}.Debug|x64.Build.0 = Debug|x64
		{BC446819-2913-431A-902C-002DC5A27181}.Debug|x64.Deploy.0 = Debug|x64
		{BC446819-2913-431A-902C-002DC5A27181}.Debug|x86.ActiveCfg = Debug|x86
		{BC446819-2913-431A-902C-002DC5A27181}.Debug|x86.Build.0 = Debug|x86
		{BC446819-2913-431A-902C-002DC5A27181}.Debug|x86.Deploy.0 = Debug|x86
		{BC446819-2913-431A-902C-002DC5A27181}.Release|Any CPU.ActiveCfg = Release|x86
		{BC446819-2913-431A-902C-002DC5A27181}.Release|Any CPU.Build.0 = Release|x86
		{BC446819-2913-431A-902C-002DC5A27181}.Release|Any CPU.Deploy.0 = Release|x86
		{BC446819-2913-431A-902C-002DC5A27181}.Release|ARM.ActiveCfg = Release|ARM
		{BC446819-2913-431A-902C-002DC5A27181}.Release|ARM.Build.0 = Release|ARM
		{BC446819-2913-431A-902C-002DC5A27181}.Release|ARM.Deploy.0 = Release|ARM
		{BC446819-2913-431A-902C-002DC5A27181}.Release|iPhone.ActiveCfg = Release|x86
		{BC446819-2913-431A-902C-002DC5A27181}.Release|iPhone.Build.0 = Release|x86
		{BC446819-2913-431A-902C-002DC5A27181}.Release|iPhone.Deploy.0 = Release|x86
		{BC446819-2913-431A-902C-002DC5A27181}.Release|iPhoneSimulator.ActiveCfg = Release|x86
		{BC446819-2913-431A-902C-002DC5A27181}.Release|iPhoneSimulator.Build.0 = Release|x86
		{BC446819-2913-431A-902C-002DC5A27181}.Release|iPhoneSimulator.Deploy.0 = Release|x86
		{BC446819-2913-431A-902C-002DC5A27181}.Release|x64.ActiveCfg = Release|x64
		{BC446819-2913-431A-902C-002DC5A27181}.Release|x64.Build.0 = Release|x64
		{BC446819-2913-431A-902C-002DC5A27181}.Release|x64.Deploy.0 = Release|x64
		{BC446819-2913-431A-902C-002DC5A27181}.Release|x86.ActiveCfg = Release|x86
		{BC446819-2913-431A-902C-002DC5A27181}.Release|x86.Build.0 = Release|x86
		{BC446819-2913-431A-902C-002DC5A27181}.Release|x86.Deploy.0 = Release|x86
		{8EFE655F-D93D-41AB-9D1D-1D1639D2C03B}.Debug|Any CPU.ActiveCfg = Debug|Any CPU
		{8EFE655F-D93D-41AB-9D1D-1D1639D2C03B}.Debug|Any CPU.Build.0 = Debug|Any CPU
		{8EFE655F-D93D-41AB-9D1D-1D1639D2C03B}.Debug|Any CPU.Deploy.0 = Debug|Any CPU
		{8EFE655F-D93D-41AB-9D1D-1D1639D2C03B}.Debug|ARM.ActiveCfg = Debug|Any CPU
		{8EFE655F-D93D-41AB-9D1D-1D1639D2C03B}.Debug|ARM.Build.0 = Debug|Any CPU
		{8EFE655F-D93D-41AB-9D1D-1D1639D2C03B}.Debug|ARM.Deploy.0 = Debug|Any CPU
		{8EFE655F-D93D-41AB-9D1D-1D1639D2C03B}.Debug|iPhone.ActiveCfg = Debug|Any CPU
		{8EFE655F-D93D-41AB-9D1D-1D1639D2C03B}.Debug|iPhone.Build.0 = Debug|Any CPU
		{8EFE655F-D93D-41AB-9D1D-1D1639D2C03B}.Debug|iPhone.Deploy.0 = Debug|Any CPU
		{8EFE655F-D93D-41AB-9D1D-1D1639D2C03B}.Debug|iPhoneSimulator.ActiveCfg = Debug|Any CPU
		{8EFE655F-D93D-41AB-9D1D-1D1639D2C03B}.Debug|iPhoneSimulator.Build.0 = Debug|Any CPU
		{8EFE655F-D93D-41AB-9D1D-1D1639D2C03B}.Debug|iPhoneSimulator.Deploy.0 = Debug|Any CPU
		{8EFE655F-D93D-41AB-9D1D-1D1639D2C03B}.Debug|x64.ActiveCfg = Debug|Any CPU
		{8EFE655F-D93D-41AB-9D1D-1D1639D2C03B}.Debug|x64.Build.0 = Debug|Any CPU
		{8EFE655F-D93D-41AB-9D1D-1D1639D2C03B}.Debug|x64.Deploy.0 = Debug|Any CPU
		{8EFE655F-D93D-41AB-9D1D-1D1639D2C03B}.Debug|x86.ActiveCfg = Debug|Any CPU
		{8EFE655F-D93D-41AB-9D1D-1D1639D2C03B}.Debug|x86.Build.0 = Debug|Any CPU
		{8EFE655F-D93D-41AB-9D1D-1D1639D2C03B}.Debug|x86.Deploy.0 = Debug|Any CPU
		{8EFE655F-D93D-41AB-9D1D-1D1639D2C03B}.Release|Any CPU.ActiveCfg = Release|Any CPU
		{8EFE655F-D93D-41AB-9D1D-1D1639D2C03B}.Release|Any CPU.Build.0 = Release|Any CPU
		{8EFE655F-D93D-41AB-9D1D-1D1639D2C03B}.Release|Any CPU.Deploy.0 = Release|Any CPU
		{8EFE655F-D93D-41AB-9D1D-1D1639D2C03B}.Release|ARM.ActiveCfg = Release|Any CPU
		{8EFE655F-D93D-41AB-9D1D-1D1639D2C03B}.Release|ARM.Build.0 = Release|Any CPU
		{8EFE655F-D93D-41AB-9D1D-1D1639D2C03B}.Release|ARM.Deploy.0 = Release|Any CPU
		{8EFE655F-D93D-41AB-9D1D-1D1639D2C03B}.Release|iPhone.ActiveCfg = Release|Any CPU
		{8EFE655F-D93D-41AB-9D1D-1D1639D2C03B}.Release|iPhone.Build.0 = Release|Any CPU
		{8EFE655F-D93D-41AB-9D1D-1D1639D2C03B}.Release|iPhone.Deploy.0 = Release|Any CPU
		{8EFE655F-D93D-41AB-9D1D-1D1639D2C03B}.Release|iPhoneSimulator.ActiveCfg = Release|Any CPU
		{8EFE655F-D93D-41AB-9D1D-1D1639D2C03B}.Release|iPhoneSimulator.Build.0 = Release|Any CPU
		{8EFE655F-D93D-41AB-9D1D-1D1639D2C03B}.Release|iPhoneSimulator.Deploy.0 = Release|Any CPU
		{8EFE655F-D93D-41AB-9D1D-1D1639D2C03B}.Release|x64.ActiveCfg = Release|Any CPU
		{8EFE655F-D93D-41AB-9D1D-1D1639D2C03B}.Release|x64.Build.0 = Release|Any CPU
		{8EFE655F-D93D-41AB-9D1D-1D1639D2C03B}.Release|x64.Deploy.0 = Release|Any CPU
		{8EFE655F-D93D-41AB-9D1D-1D1639D2C03B}.Release|x86.ActiveCfg = Release|Any CPU
		{8EFE655F-D93D-41AB-9D1D-1D1639D2C03B}.Release|x86.Build.0 = Release|Any CPU
		{8EFE655F-D93D-41AB-9D1D-1D1639D2C03B}.Release|x86.Deploy.0 = Release|Any CPU
		{ED716BF7-BFE3-4D36-9459-992357982ED0}.Debug|Any CPU.ActiveCfg = Debug|iPhone
		{ED716BF7-BFE3-4D36-9459-992357982ED0}.Debug|Any CPU.Build.0 = Debug|iPhone
		{ED716BF7-BFE3-4D36-9459-992357982ED0}.Debug|Any CPU.Deploy.0 = Debug|iPhone
		{ED716BF7-BFE3-4D36-9459-992357982ED0}.Debug|ARM.ActiveCfg = Debug|iPhone
		{ED716BF7-BFE3-4D36-9459-992357982ED0}.Debug|ARM.Build.0 = Debug|iPhone
		{ED716BF7-BFE3-4D36-9459-992357982ED0}.Debug|ARM.Deploy.0 = Debug|iPhone
		{ED716BF7-BFE3-4D36-9459-992357982ED0}.Debug|iPhone.ActiveCfg = Debug|iPhone
		{ED716BF7-BFE3-4D36-9459-992357982ED0}.Debug|iPhone.Build.0 = Debug|iPhone
		{ED716BF7-BFE3-4D36-9459-992357982ED0}.Debug|iPhone.Deploy.0 = Debug|iPhone
		{ED716BF7-BFE3-4D36-9459-992357982ED0}.Debug|iPhoneSimulator.ActiveCfg = Debug|iPhoneSimulator
		{ED716BF7-BFE3-4D36-9459-992357982ED0}.Debug|iPhoneSimulator.Build.0 = Debug|iPhoneSimulator
		{ED716BF7-BFE3-4D36-9459-992357982ED0}.Debug|iPhoneSimulator.Deploy.0 = Debug|iPhoneSimulator
		{ED716BF7-BFE3-4D36-9459-992357982ED0}.Debug|x64.ActiveCfg = Debug|iPhone
		{ED716BF7-BFE3-4D36-9459-992357982ED0}.Debug|x64.Build.0 = Debug|iPhone
		{ED716BF7-BFE3-4D36-9459-992357982ED0}.Debug|x64.Deploy.0 = Debug|iPhone
		{ED716BF7-BFE3-4D36-9459-992357982ED0}.Debug|x86.ActiveCfg = Debug|iPhone
		{ED716BF7-BFE3-4D36-9459-992357982ED0}.Debug|x86.Build.0 = Debug|iPhone
		{ED716BF7-BFE3-4D36-9459-992357982ED0}.Debug|x86.Deploy.0 = Debug|iPhone
		{ED716BF7-BFE3-4D36-9459-992357982ED0}.Release|Any CPU.ActiveCfg = Release|iPhone
		{ED716BF7-BFE3-4D36-9459-992357982ED0}.Release|Any CPU.Build.0 = Release|iPhone
		{ED716BF7-BFE3-4D36-9459-992357982ED0}.Release|Any CPU.Deploy.0 = Release|iPhone
		{ED716BF7-BFE3-4D36-9459-992357982ED0}.Release|ARM.ActiveCfg = Release|iPhone
		{ED716BF7-BFE3-4D36-9459-992357982ED0}.Release|ARM.Build.0 = Release|iPhone
		{ED716BF7-BFE3-4D36-9459-992357982ED0}.Release|ARM.Deploy.0 = Release|iPhone
		{ED716BF7-BFE3-4D36-9459-992357982ED0}.Release|iPhone.ActiveCfg = Release|iPhone
		{ED716BF7-BFE3-4D36-9459-992357982ED0}.Release|iPhone.Build.0 = Release|iPhone
		{ED716BF7-BFE3-4D36-9459-992357982ED0}.Release|iPhone.Deploy.0 = Release|iPhone
		{ED716BF7-BFE3-4D36-9459-992357982ED0}.Release|iPhoneSimulator.ActiveCfg = Release|iPhoneSimulator
		{ED716BF7-BFE3-4D36-9459-992357982ED0}.Release|iPhoneSimulator.Build.0 = Release|iPhoneSimulator
		{ED716BF7-BFE3-4D36-9459-992357982ED0}.Release|iPhoneSimulator.Deploy.0 = Release|iPhoneSimulator
		{ED716BF7-BFE3-4D36-9459-992357982ED0}.Release|x64.ActiveCfg = Release|iPhone
		{ED716BF7-BFE3-4D36-9459-992357982ED0}.Release|x64.Build.0 = Release|iPhone
		{ED716BF7-BFE3-4D36-9459-992357982ED0}.Release|x64.Deploy.0 = Release|iPhone
		{ED716BF7-BFE3-4D36-9459-992357982ED0}.Release|x86.ActiveCfg = Release|iPhone
		{ED716BF7-BFE3-4D36-9459-992357982ED0}.Release|x86.Build.0 = Release|iPhone
		{ED716BF7-BFE3-4D36-9459-992357982ED0}.Release|x86.Deploy.0 = Release|iPhone
		{8EB1C20F-30F1-4A29-B1DE-3C4ED00FB332}.Debug|Any CPU.ActiveCfg = Debug|Any CPU
		{8EB1C20F-30F1-4A29-B1DE-3C4ED00FB332}.Debug|Any CPU.Build.0 = Debug|Any CPU
		{8EB1C20F-30F1-4A29-B1DE-3C4ED00FB332}.Debug|Any CPU.Deploy.0 = Debug|Any CPU
		{8EB1C20F-30F1-4A29-B1DE-3C4ED00FB332}.Debug|ARM.ActiveCfg = Debug|Any CPU
		{8EB1C20F-30F1-4A29-B1DE-3C4ED00FB332}.Debug|ARM.Build.0 = Debug|Any CPU
		{8EB1C20F-30F1-4A29-B1DE-3C4ED00FB332}.Debug|ARM.Deploy.0 = Debug|Any CPU
		{8EB1C20F-30F1-4A29-B1DE-3C4ED00FB332}.Debug|iPhone.ActiveCfg = Debug|Any CPU
		{8EB1C20F-30F1-4A29-B1DE-3C4ED00FB332}.Debug|iPhone.Build.0 = Debug|Any CPU
		{8EB1C20F-30F1-4A29-B1DE-3C4ED00FB332}.Debug|iPhone.Deploy.0 = Debug|Any CPU
		{8EB1C20F-30F1-4A29-B1DE-3C4ED00FB332}.Debug|iPhoneSimulator.ActiveCfg = Debug|Any CPU
		{8EB1C20F-30F1-4A29-B1DE-3C4ED00FB332}.Debug|iPhoneSimulator.Build.0 = Debug|Any CPU
		{8EB1C20F-30F1-4A29-B1DE-3C4ED00FB332}.Debug|iPhoneSimulator.Deploy.0 = Debug|Any CPU
		{8EB1C20F-30F1-4A29-B1DE-3C4ED00FB332}.Debug|x64.ActiveCfg = Debug|Any CPU
		{8EB1C20F-30F1-4A29-B1DE-3C4ED00FB332}.Debug|x64.Build.0 = Debug|Any CPU
		{8EB1C20F-30F1-4A29-B1DE-3C4ED00FB332}.Debug|x64.Deploy.0 = Debug|Any CPU
		{8EB1C20F-30F1-4A29-B1DE-3C4ED00FB332}.Debug|x86.ActiveCfg = Debug|Any CPU
		{8EB1C20F-30F1-4A29-B1DE-3C4ED00FB332}.Debug|x86.Build.0 = Debug|Any CPU
		{8EB1C20F-30F1-4A29-B1DE-3C4ED00FB332}.Debug|x86.Deploy.0 = Debug|Any CPU
		{8EB1C20F-30F1-4A29-B1DE-3C4ED00FB332}.Release|Any CPU.ActiveCfg = Release|Any CPU
		{8EB1C20F-30F1-4A29-B1DE-3C4ED00FB332}.Release|Any CPU.Build.0 = Release|Any CPU
		{8EB1C20F-30F1-4A29-B1DE-3C4ED00FB332}.Release|Any CPU.Deploy.0 = Release|Any CPU
		{8EB1C20F-30F1-4A29-B1DE-3C4ED00FB332}.Release|ARM.ActiveCfg = Release|Any CPU
		{8EB1C20F-30F1-4A29-B1DE-3C4ED00FB332}.Release|ARM.Build.0 = Release|Any CPU
		{8EB1C20F-30F1-4A29-B1DE-3C4ED00FB332}.Release|ARM.Deploy.0 = Release|Any CPU
		{8EB1C20F-30F1-4A29-B1DE-3C4ED00FB332}.Release|iPhone.ActiveCfg = Release|Any CPU
		{8EB1C20F-30F1-4A29-B1DE-3C4ED00FB332}.Release|iPhone.Build.0 = Release|Any CPU
		{8EB1C20F-30F1-4A29-B1DE-3C4ED00FB332}.Release|iPhone.Deploy.0 = Release|Any CPU
		{8EB1C20F-30F1-4A29-B1DE-3C4ED00FB332}.Release|iPhoneSimulator.ActiveCfg = Release|Any CPU
		{8EB1C20F-30F1-4A29-B1DE-3C4ED00FB332}.Release|iPhoneSimulator.Build.0 = Release|Any CPU
		{8EB1C20F-30F1-4A29-B1DE-3C4ED00FB332}.Release|iPhoneSimulator.Deploy.0 = Release|Any CPU
		{8EB1C20F-30F1-4A29-B1DE-3C4ED00FB332}.Release|x64.ActiveCfg = Release|Any CPU
		{8EB1C20F-30F1-4A29-B1DE-3C4ED00FB332}.Release|x64.Build.0 = Release|Any CPU
		{8EB1C20F-30F1-4A29-B1DE-3C4ED00FB332}.Release|x64.Deploy.0 = Release|Any CPU
		{8EB1C20F-30F1-4A29-B1DE-3C4ED00FB332}.Release|x86.ActiveCfg = Release|Any CPU
		{8EB1C20F-30F1-4A29-B1DE-3C4ED00FB332}.Release|x86.Build.0 = Release|Any CPU
		{8EB1C20F-30F1-4A29-B1DE-3C4ED00FB332}.Release|x86.Deploy.0 = Release|Any CPU
		{DFC7E0BA-133D-4D75-9EE1-7FD8AF3BD145}.Debug|Any CPU.ActiveCfg = Debug|Any CPU
		{DFC7E0BA-133D-4D75-9EE1-7FD8AF3BD145}.Debug|Any CPU.Build.0 = Debug|Any CPU
		{DFC7E0BA-133D-4D75-9EE1-7FD8AF3BD145}.Debug|ARM.ActiveCfg = Debug|Any CPU
		{DFC7E0BA-133D-4D75-9EE1-7FD8AF3BD145}.Debug|ARM.Build.0 = Debug|Any CPU
		{DFC7E0BA-133D-4D75-9EE1-7FD8AF3BD145}.Debug|iPhone.ActiveCfg = Debug|Any CPU
		{DFC7E0BA-133D-4D75-9EE1-7FD8AF3BD145}.Debug|iPhone.Build.0 = Debug|Any CPU
		{DFC7E0BA-133D-4D75-9EE1-7FD8AF3BD145}.Debug|iPhoneSimulator.ActiveCfg = Debug|Any CPU
		{DFC7E0BA-133D-4D75-9EE1-7FD8AF3BD145}.Debug|iPhoneSimulator.Build.0 = Debug|Any CPU
		{DFC7E0BA-133D-4D75-9EE1-7FD8AF3BD145}.Debug|x64.ActiveCfg = Debug|Any CPU
		{DFC7E0BA-133D-4D75-9EE1-7FD8AF3BD145}.Debug|x64.Build.0 = Debug|Any CPU
		{DFC7E0BA-133D-4D75-9EE1-7FD8AF3BD145}.Debug|x86.ActiveCfg = Debug|Any CPU
		{DFC7E0BA-133D-4D75-9EE1-7FD8AF3BD145}.Debug|x86.Build.0 = Debug|Any CPU
		{DFC7E0BA-133D-4D75-9EE1-7FD8AF3BD145}.Release|Any CPU.ActiveCfg = Release|Any CPU
		{DFC7E0BA-133D-4D75-9EE1-7FD8AF3BD145}.Release|Any CPU.Build.0 = Release|Any CPU
		{DFC7E0BA-133D-4D75-9EE1-7FD8AF3BD145}.Release|ARM.ActiveCfg = Release|Any CPU
		{DFC7E0BA-133D-4D75-9EE1-7FD8AF3BD145}.Release|ARM.Build.0 = Release|Any CPU
		{DFC7E0BA-133D-4D75-9EE1-7FD8AF3BD145}.Release|iPhone.ActiveCfg = Release|Any CPU
		{DFC7E0BA-133D-4D75-9EE1-7FD8AF3BD145}.Release|iPhone.Build.0 = Release|Any CPU
		{DFC7E0BA-133D-4D75-9EE1-7FD8AF3BD145}.Release|iPhoneSimulator.ActiveCfg = Release|Any CPU
		{DFC7E0BA-133D-4D75-9EE1-7FD8AF3BD145}.Release|iPhoneSimulator.Build.0 = Release|Any CPU
		{DFC7E0BA-133D-4D75-9EE1-7FD8AF3BD145}.Release|x64.ActiveCfg = Release|Any CPU
		{DFC7E0BA-133D-4D75-9EE1-7FD8AF3BD145}.Release|x64.Build.0 = Release|Any CPU
		{DFC7E0BA-133D-4D75-9EE1-7FD8AF3BD145}.Release|x86.ActiveCfg = Release|Any CPU
		{DFC7E0BA-133D-4D75-9EE1-7FD8AF3BD145}.Release|x86.Build.0 = Release|Any CPU
		{83371B42-56C9-48D5-BE24-228D91C6D5FF}.Debug|Any CPU.ActiveCfg = Debug|Any CPU
		{83371B42-56C9-48D5-BE24-228D91C6D5FF}.Debug|Any CPU.Build.0 = Debug|Any CPU
		{83371B42-56C9-48D5-BE24-228D91C6D5FF}.Debug|ARM.ActiveCfg = Debug|Any CPU
		{83371B42-56C9-48D5-BE24-228D91C6D5FF}.Debug|ARM.Build.0 = Debug|Any CPU
		{83371B42-56C9-48D5-BE24-228D91C6D5FF}.Debug|iPhone.ActiveCfg = Debug|Any CPU
		{83371B42-56C9-48D5-BE24-228D91C6D5FF}.Debug|iPhone.Build.0 = Debug|Any CPU
		{83371B42-56C9-48D5-BE24-228D91C6D5FF}.Debug|iPhoneSimulator.ActiveCfg = Debug|Any CPU
		{83371B42-56C9-48D5-BE24-228D91C6D5FF}.Debug|iPhoneSimulator.Build.0 = Debug|Any CPU
		{83371B42-56C9-48D5-BE24-228D91C6D5FF}.Debug|x64.ActiveCfg = Debug|Any CPU
		{83371B42-56C9-48D5-BE24-228D91C6D5FF}.Debug|x64.Build.0 = Debug|Any CPU
		{83371B42-56C9-48D5-BE24-228D91C6D5FF}.Debug|x86.ActiveCfg = Debug|Any CPU
		{83371B42-56C9-48D5-BE24-228D91C6D5FF}.Debug|x86.Build.0 = Debug|Any CPU
		{83371B42-56C9-48D5-BE24-228D91C6D5FF}.Release|Any CPU.ActiveCfg = Release|Any CPU
		{83371B42-56C9-48D5-BE24-228D91C6D5FF}.Release|Any CPU.Build.0 = Release|Any CPU
		{83371B42-56C9-48D5-BE24-228D91C6D5FF}.Release|ARM.ActiveCfg = Release|Any CPU
		{83371B42-56C9-48D5-BE24-228D91C6D5FF}.Release|ARM.Build.0 = Release|Any CPU
		{83371B42-56C9-48D5-BE24-228D91C6D5FF}.Release|iPhone.ActiveCfg = Release|Any CPU
		{83371B42-56C9-48D5-BE24-228D91C6D5FF}.Release|iPhone.Build.0 = Release|Any CPU
		{83371B42-56C9-48D5-BE24-228D91C6D5FF}.Release|iPhoneSimulator.ActiveCfg = Release|Any CPU
		{83371B42-56C9-48D5-BE24-228D91C6D5FF}.Release|iPhoneSimulator.Build.0 = Release|Any CPU
		{83371B42-56C9-48D5-BE24-228D91C6D5FF}.Release|x64.ActiveCfg = Release|Any CPU
		{83371B42-56C9-48D5-BE24-228D91C6D5FF}.Release|x64.Build.0 = Release|Any CPU
		{83371B42-56C9-48D5-BE24-228D91C6D5FF}.Release|x86.ActiveCfg = Release|Any CPU
		{83371B42-56C9-48D5-BE24-228D91C6D5FF}.Release|x86.Build.0 = Release|Any CPU
		{E2E1ED87-85EC-4B1C-8B00-64363F2A2E54}.Debug|Any CPU.ActiveCfg = Debug|Any CPU
		{E2E1ED87-85EC-4B1C-8B00-64363F2A2E54}.Debug|Any CPU.Build.0 = Debug|Any CPU
		{E2E1ED87-85EC-4B1C-8B00-64363F2A2E54}.Debug|ARM.ActiveCfg = Debug|Any CPU
		{E2E1ED87-85EC-4B1C-8B00-64363F2A2E54}.Debug|ARM.Build.0 = Debug|Any CPU
		{E2E1ED87-85EC-4B1C-8B00-64363F2A2E54}.Debug|iPhone.ActiveCfg = Debug|Any CPU
		{E2E1ED87-85EC-4B1C-8B00-64363F2A2E54}.Debug|iPhone.Build.0 = Debug|Any CPU
		{E2E1ED87-85EC-4B1C-8B00-64363F2A2E54}.Debug|iPhoneSimulator.ActiveCfg = Debug|Any CPU
		{E2E1ED87-85EC-4B1C-8B00-64363F2A2E54}.Debug|iPhoneSimulator.Build.0 = Debug|Any CPU
		{E2E1ED87-85EC-4B1C-8B00-64363F2A2E54}.Debug|x64.ActiveCfg = Debug|Any CPU
		{E2E1ED87-85EC-4B1C-8B00-64363F2A2E54}.Debug|x64.Build.0 = Debug|Any CPU
		{E2E1ED87-85EC-4B1C-8B00-64363F2A2E54}.Debug|x86.ActiveCfg = Debug|Any CPU
		{E2E1ED87-85EC-4B1C-8B00-64363F2A2E54}.Debug|x86.Build.0 = Debug|Any CPU
		{E2E1ED87-85EC-4B1C-8B00-64363F2A2E54}.Release|Any CPU.ActiveCfg = Release|Any CPU
		{E2E1ED87-85EC-4B1C-8B00-64363F2A2E54}.Release|Any CPU.Build.0 = Release|Any CPU
		{E2E1ED87-85EC-4B1C-8B00-64363F2A2E54}.Release|ARM.ActiveCfg = Release|Any CPU
		{E2E1ED87-85EC-4B1C-8B00-64363F2A2E54}.Release|ARM.Build.0 = Release|Any CPU
		{E2E1ED87-85EC-4B1C-8B00-64363F2A2E54}.Release|iPhone.ActiveCfg = Release|Any CPU
		{E2E1ED87-85EC-4B1C-8B00-64363F2A2E54}.Release|iPhone.Build.0 = Release|Any CPU
		{E2E1ED87-85EC-4B1C-8B00-64363F2A2E54}.Release|iPhoneSimulator.ActiveCfg = Release|Any CPU
		{E2E1ED87-85EC-4B1C-8B00-64363F2A2E54}.Release|iPhoneSimulator.Build.0 = Release|Any CPU
		{E2E1ED87-85EC-4B1C-8B00-64363F2A2E54}.Release|x64.ActiveCfg = Release|Any CPU
		{E2E1ED87-85EC-4B1C-8B00-64363F2A2E54}.Release|x64.Build.0 = Release|Any CPU
		{E2E1ED87-85EC-4B1C-8B00-64363F2A2E54}.Release|x86.ActiveCfg = Release|Any CPU
		{E2E1ED87-85EC-4B1C-8B00-64363F2A2E54}.Release|x86.Build.0 = Release|Any CPU
		{797985E3-5B91-46BA-AF99-735338AF1431}.Debug|Any CPU.ActiveCfg = Debug|Any CPU
		{797985E3-5B91-46BA-AF99-735338AF1431}.Debug|Any CPU.Build.0 = Debug|Any CPU
		{797985E3-5B91-46BA-AF99-735338AF1431}.Debug|ARM.ActiveCfg = Debug|Any CPU
		{797985E3-5B91-46BA-AF99-735338AF1431}.Debug|ARM.Build.0 = Debug|Any CPU
		{797985E3-5B91-46BA-AF99-735338AF1431}.Debug|iPhone.ActiveCfg = Debug|Any CPU
		{797985E3-5B91-46BA-AF99-735338AF1431}.Debug|iPhone.Build.0 = Debug|Any CPU
		{797985E3-5B91-46BA-AF99-735338AF1431}.Debug|iPhoneSimulator.ActiveCfg = Debug|Any CPU
		{797985E3-5B91-46BA-AF99-735338AF1431}.Debug|iPhoneSimulator.Build.0 = Debug|Any CPU
		{797985E3-5B91-46BA-AF99-735338AF1431}.Debug|x64.ActiveCfg = Debug|Any CPU
		{797985E3-5B91-46BA-AF99-735338AF1431}.Debug|x64.Build.0 = Debug|Any CPU
		{797985E3-5B91-46BA-AF99-735338AF1431}.Debug|x86.ActiveCfg = Debug|Any CPU
		{797985E3-5B91-46BA-AF99-735338AF1431}.Debug|x86.Build.0 = Debug|Any CPU
		{797985E3-5B91-46BA-AF99-735338AF1431}.Release|Any CPU.ActiveCfg = Release|Any CPU
		{797985E3-5B91-46BA-AF99-735338AF1431}.Release|Any CPU.Build.0 = Release|Any CPU
		{797985E3-5B91-46BA-AF99-735338AF1431}.Release|ARM.ActiveCfg = Release|Any CPU
		{797985E3-5B91-46BA-AF99-735338AF1431}.Release|ARM.Build.0 = Release|Any CPU
		{797985E3-5B91-46BA-AF99-735338AF1431}.Release|iPhone.ActiveCfg = Release|Any CPU
		{797985E3-5B91-46BA-AF99-735338AF1431}.Release|iPhone.Build.0 = Release|Any CPU
		{797985E3-5B91-46BA-AF99-735338AF1431}.Release|iPhoneSimulator.ActiveCfg = Release|Any CPU
		{797985E3-5B91-46BA-AF99-735338AF1431}.Release|iPhoneSimulator.Build.0 = Release|Any CPU
		{797985E3-5B91-46BA-AF99-735338AF1431}.Release|x64.ActiveCfg = Release|Any CPU
		{797985E3-5B91-46BA-AF99-735338AF1431}.Release|x64.Build.0 = Release|Any CPU
		{797985E3-5B91-46BA-AF99-735338AF1431}.Release|x86.ActiveCfg = Release|Any CPU
		{797985E3-5B91-46BA-AF99-735338AF1431}.Release|x86.Build.0 = Release|Any CPU
	EndGlobalSection
	GlobalSection(SolutionProperties) = preSolution
		HideSolutionNode = FALSE
	EndGlobalSection
	GlobalSection(NestedProjects) = preSolution
		{BC446819-2913-431A-902C-002DC5A27181} = {1DDDEB99-06DF-44B9-B9C2-D48A59683982}
		{8EFE655F-D93D-41AB-9D1D-1D1639D2C03B} = {1DDDEB99-06DF-44B9-B9C2-D48A59683982}
		{ED716BF7-BFE3-4D36-9459-992357982ED0} = {1DDDEB99-06DF-44B9-B9C2-D48A59683982}
	EndGlobalSection
	GlobalSection(ExtensibilityGlobals) = postSolution
		SolutionGuid = {706720A6-FA8B-42ED-AC67-46528DAB7939}
	EndGlobalSection
EndGlobal
